
Microsoft Visual Studio Solution File, Format Version 12.00
# Visual Studio 15
VisualStudioVersion = 15.0.26730.15
MinimumVisualStudioVersion = 10.0.40219.1
Project("{FAE04EC0-301F-11D3-BF4B-00C04F79EFBC}") = "DelegatesAndStuff", "DelegatesAndStuff\DelegatesAndStuff.csproj", "{C7CF996D-A658-4587-BF8A-59E5976BE1A3}"
EndProject
Global
	GlobalSection(SolutionConfigurationPlatforms) = preSolution
		Debug|Any CPU = Debug|Any CPU
		Release|Any CPU = Release|Any CPU
	EndGlobalSection
	GlobalSection(ProjectConfigurationPlatforms) = postSolution
		{C7CF996D-A658-4587-BF8A-59E5976BE1A3}.Debug|Any CPU.ActiveCfg = Debug|Any CPU
		{C7CF996D-A658-4587-BF8A-59E5976BE1A3}.Debug|Any CPU.Build.0 = Debug|Any CPU
		{C7CF996D-A658-4587-BF8A-59E5976BE1A3}.Release|Any CPU.ActiveCfg = Release|Any CPU
		{C7CF996D-A658-4587-BF8A-59E5976BE1A3}.Release|Any CPU.Build.0 = Release|Any CPU
	EndGlobalSection
	GlobalSection(SolutionProperties) = preSolution
		HideSolutionNode = FALSE
	EndGlobalSection
	GlobalSection(ExtensibilityGlobals) = postSolution
		SolutionGuid = {FF25FEB2-2FAC-416E-A644-F452FC19A395}
	EndGlobalSection
EndGlobal
